
Microsoft Visual Studio Solution File, Format Version 12.00
# Visual Studio 15
VisualStudioVersion = 15.0.27004.2002
MinimumVisualStudioVersion = 10.0.40219.1
Project("{FAE04EC0-301F-11D3-BF4B-00C04F79EFBC}") = "GTimer", "GTimer\GTimer.csproj", "{C3966057-68D9-4104-8263-121AB752E5E8}"
EndProject
Global
	GlobalSection(SolutionConfigurationPlatforms) = preSolution
		Debug|Any CPU = Debug|Any CPU
		Release|Any CPU = Release|Any CPU
	EndGlobalSection
	GlobalSection(ProjectConfigurationPlatforms) = postSolution
		{C3966057-68D9-4104-8263-121AB752E5E8}.Debug|Any CPU.ActiveCfg = Debug|Any CPU
		{C3966057-68D9-4104-8263-121AB752E5E8}.Debug|Any CPU.Build.0 = Debug|Any CPU
		{C3966057-68D9-4104-8263-121AB752E5E8}.Release|Any CPU.ActiveCfg = Release|Any CPU
		{C3966057-68D9-4104-8263-121AB752E5E8}.Release|Any CPU.Build.0 = Release|Any CPU
	EndGlobalSection
	GlobalSection(SolutionProperties) = preSolution
		HideSolutionNode = FALSE
	EndGlobalSection
	GlobalSection(ExtensibilityGlobals) = postSolution
		SolutionGuid = {0F18A28C-1C3C-475B-B932-778563AA92AD}
	EndGlobalSection
EndGlobal
